
Microsoft Visual Studio Solution File, Format Version 12.00
# Visual Studio Version 17
VisualStudioVersion = 17.3.32929.385
MinimumVisualStudioVersion = 10.0.40219.1
Project("{FAE04EC0-301F-11D3-BF4B-00C04F79EFBC}") = "MonsterHunterWindowsForm", "My Monster Hunter\MonsterHunterWindowsForm.csproj", "{B108D834-1B49-4F27-AFFD-98DA3D3200B8}"
EndProject
Project("{FAE04EC0-301F-11D3-BF4B-00C04F79EFBC}") = "MonsterHunterConsole", "MonsterHunterConsole\MonsterHunterConsole.csproj", "{2CA2D509-9BD5-4D0A-94A5-86C3140EA554}"
EndProject
Project("{FAE04EC0-301F-11D3-BF4B-00C04F79EFBC}") = "MonsterHunterDLL", "MonsterHunterDLL\MonsterHunterDLL.csproj", "{0E58ADAC-A119-4573-9400-E52A7D5D8121}"
EndProject
Global
	GlobalSection(SolutionConfigurationPlatforms) = preSolution
		Debug|Any CPU = Debug|Any CPU
		Release|Any CPU = Release|Any CPU
	EndGlobalSection
	GlobalSection(ProjectConfigurationPlatforms) = postSolution
		{B108D834-1B49-4F27-AFFD-98DA3D3200B8}.Debug|Any CPU.ActiveCfg = Debug|Any CPU
		{B108D834-1B49-4F27-AFFD-98DA3D3200B8}.Debug|Any CPU.Build.0 = Debug|Any CPU
		{B108D834-1B49-4F27-AFFD-98DA3D3200B8}.Release|Any CPU.ActiveCfg = Release|Any CPU
		{B108D834-1B49-4F27-AFFD-98DA3D3200B8}.Release|Any CPU.Build.0 = Release|Any CPU
		{2CA2D509-9BD5-4D0A-94A5-86C3140EA554}.Debug|Any CPU.ActiveCfg = Debug|Any CPU
		{2CA2D509-9BD5-4D0A-94A5-86C3140EA554}.Debug|Any CPU.Build.0 = Debug|Any CPU
		{2CA2D509-9BD5-4D0A-94A5-86C3140EA554}.Release|Any CPU.ActiveCfg = Release|Any CPU
		{2CA2D509-9BD5-4D0A-94A5-86C3140EA554}.Release|Any CPU.Build.0 = Release|Any CPU
		{0E58ADAC-A119-4573-9400-E52A7D5D8121}.Debug|Any CPU.ActiveCfg = Debug|Any CPU
		{0E58ADAC-A119-4573-9400-E52A7D5D8121}.Debug|Any CPU.Build.0 = Debug|Any CPU
		{0E58ADAC-A119-4573-9400-E52A7D5D8121}.Release|Any CPU.ActiveCfg = Release|Any CPU
		{0E58ADAC-A119-4573-9400-E52A7D5D8121}.Release|Any CPU.Build.0 = Release|Any CPU
	EndGlobalSection
	GlobalSection(SolutionProperties) = preSolution
		HideSolutionNode = FALSE
	EndGlobalSection
	GlobalSection(ExtensibilityGlobals) = postSolution
		SolutionGuid = {7B6ECF74-C5AF-4D96-8933-6B89EB7158B7}
	EndGlobalSection
EndGlobal
